// !$*UTF8*$!
{
	archiveVersion = 1;
	classes = {
	};
	objectVersion = 50;
	objects = {

/* Begin PBXBuildFile section */
		350A39502408B32600F4F7AC /* AppDelegate.swift in Sources */ = {isa = PBXBuildFile; fileRef = 350A394F2408B32600F4F7AC /* AppDelegate.swift */; };
		350A39522408B32600F4F7AC /* SceneDelegate.swift in Sources */ = {isa = PBXBuildFile; fileRef = 350A39512408B32600F4F7AC /* SceneDelegate.swift */; };
		350A39542408B32600F4F7AC /* TableViewController.swift in Sources */ = {isa = PBXBuildFile; fileRef = 350A39532408B32600F4F7AC /* TableViewController.swift */; };
		350A39562408B32600F4F7AC /* AddViewController.swift in Sources */ = {isa = PBXBuildFile; fileRef = 350A39552408B32600F4F7AC /* AddViewController.swift */; };
		350A39592408B32600F4F7AC /* Main.storyboard in Resources */ = {isa = PBXBuildFile; fileRef = 350A39572408B32600F4F7AC /* Main.storyboard */; };
		350A395B2408B32B00F4F7AC /* Assets.xcassets in Resources */ = {isa = PBXBuildFile; fileRef = 350A395A2408B32B00F4F7AC /* Assets.xcassets */; };
		350A395E2408B32B00F4F7AC /* LaunchScreen.storyboard in Resources */ = {isa = PBXBuildFile; fileRef = 350A395C2408B32B00F4F7AC /* LaunchScreen.storyboard */; };
		350A39692408B32B00F4F7AC /* pate0910_a4Tests.swift in Sources */ = {isa = PBXBuildFile; fileRef = 350A39682408B32B00F4F7AC /* pate0910_a4Tests.swift */; };
		350A39742408B32B00F4F7AC /* pate0910_a4UITests.swift in Sources */ = {isa = PBXBuildFile; fileRef = 350A39732408B32B00F4F7AC /* pate0910_a4UITests.swift */; };
		350A39842408B3A300F4F7AC /* FruitCollection.swift in Sources */ = {isa = PBXBuildFile; fileRef = 350A39832408B3A300F4F7AC /* FruitCollection.swift */; };
		350A39862408B3AE00F4F7AC /* Fruit.swift in Sources */ = {isa = PBXBuildFile; fileRef = 350A39852408B3AE00F4F7AC /* Fruit.swift */; };
		350A39882408B3BA00F4F7AC /* SharingFruitCollection.swift in Sources */ = {isa = PBXBuildFile; fileRef = 350A39872408B3BA00F4F7AC /* SharingFruitCollection.swift */; };
		350A398C2408C22000F4F7AC /* DetailViewController.swift in Sources */ = {isa = PBXBuildFile; fileRef = 350A398B2408C22000F4F7AC /* DetailViewController.swift */; };
		350A3992240B2C5900F4F7AC /* CustomTableViewCell.swift in Sources */ = {isa = PBXBuildFile; fileRef = 350A3991240B2C5900F4F7AC /* CustomTableViewCell.swift */; };
/* End PBXBuildFile section */

/* Begin PBXContainerItemProxy section */
		350A39652408B32B00F4F7AC /* PBXContainerItemProxy */ = {
			isa = PBXContainerItemProxy;
			containerPortal = 350A39442408B32600F4F7AC /* Project object */;
			proxyType = 1;
			remoteGlobalIDString = 350A394B2408B32600F4F7AC;
			remoteInfo = pate0910_a4;
		};
		350A39702408B32B00F4F7AC /* PBXContainerItemProxy */ = {
			isa = PBXContainerItemProxy;
			containerPortal = 350A39442408B32600F4F7AC /* Project object */;
			proxyType = 1;
			remoteGlobalIDString = 350A394B2408B32600F4F7AC;
			remoteInfo = pate0910_a4;
		};
/* End PBXContainerItemProxy section */

/* Begin PBXFileReference section */
		350A394C2408B32600F4F7AC /* pate0910_a4.app */ = {isa = PBXFileReference; explicitFileType = wrapper.application; includeInIndex = 0; path = pate0910_a4.app; sourceTree = BUILT_PRODUCTS_DIR; };
		350A394F2408B32600F4F7AC /* AppDelegate.swift */ = {isa = PBXFileReference; lastKnownFileType = sourcecode.swift; path = AppDelegate.swift; sourceTree = "<group>"; };
		350A39512408B32600F4F7AC /* SceneDelegate.swift */ = {isa = PBXFileReference; lastKnownFileType = sourcecode.swift; path = SceneDelegate.swift; sourceTree = "<group>"; };
		350A39532408B32600F4F7AC /* TableViewController.swift */ = {isa = PBXFileReference; lastKnownFileType = sourcecode.swift; path = TableViewController.swift; sourceTree = "<group>"; };
		350A39552408B32600F4F7AC /* AddViewController.swift */ = {isa = PBXFileReference; lastKnownFileType = sourcecode.swift; path = AddViewController.swift; sourceTree = "<group>"; };
		350A39582408B32600F4F7AC /* Base */ = {isa = PBXFileReference; lastKnownFileType = file.storyboard; name = Base; path = Base.lproj/Main.storyboard; sourceTree = "<group>"; };
		350A395A2408B32B00F4F7AC /* Assets.xcassets */ = {isa = PBXFileReference; lastKnownFileType = folder.assetcatalog; path = Assets.xcassets; sourceTree = "<group>"; };
		350A395D2408B32B00F4F7AC /* Base */ = {isa = PBXFileReference; lastKnownFileType = file.storyboard; name = Base; path = Base.lproj/LaunchScreen.storyboard; sourceTree = "<group>"; };
		350A395F2408B32B00F4F7AC /* Info.plist */ = {isa = PBXFileReference; lastKnownFileType = text.plist.xml; path = Info.plist; sourceTree = "<group>"; };
		350A39642408B32B00F4F7AC /* pate0910_a4Tests.xctest */ = {isa = PBXFileReference; explicitFileType = wrapper.cfbundle; includeInIndex = 0; path = pate0910_a4Tests.xctest; sourceTree = BUILT_PRODUCTS_DIR; };
		350A39682408B32B00F4F7AC /* pate0910_a4Tests.swift */ = {isa = PBXFileReference; lastKnownFileType = sourcecode.swift; path = pate0910_a4Tests.swift; sourceTree = "<group>"; };
		350A396A2408B32B00F4F7AC /* Info.plist */ = {isa = PBXFileReference; lastKnownFileType = text.plist.xml; path = Info.plist; sourceTree = "<group>"; };
		350A396F2408B32B00F4F7AC /* pate0910_a4UITests.xctest */ = {isa = PBXFileReference; explicitFileType = wrapper.cfbundle; includeInIndex = 0; path = pate0910_a4UITests.xctest; sourceTree = BUILT_PRODUCTS_DIR; };
		350A39732408B32B00F4F7AC /* pate0910_a4UITests.swift */ = {isa = PBXFileReference; lastKnownFileType = sourcecode.swift; path = pate0910_a4UITests.swift; sourceTree = "<group>"; };
		350A39752408B32B00F4F7AC /* Info.plist */ = {isa = PBXFileReference; lastKnownFileType = text.plist.xml; path = Info.plist; sourceTree = "<group>"; };
		350A39832408B3A300F4F7AC /* FruitCollection.swift */ = {isa = PBXFileReference; fileEncoding = 4; lastKnownFileType = sourcecode.swift; path = FruitCollection.swift; sourceTree = "<group>"; };
		350A39852408B3AE00F4F7AC /* Fruit.swift */ = {isa = PBXFileReference; fileEncoding = 4; lastKnownFileType = sourcecode.swift; path = Fruit.swift; sourceTree = "<group>"; };
		350A39872408B3BA00F4F7AC /* SharingFruitCollection.swift */ = {isa = PBXFileReference; fileEncoding = 4; lastKnownFileType = sourcecode.swift; path = SharingFruitCollection.swift; sourceTree = "<group>"; };
		350A398B2408C22000F4F7AC /* DetailViewController.swift */ = {isa = PBXFileReference; lastKnownFileType = sourcecode.swift; path = DetailViewController.swift; sourceTree = "<group>"; };
		350A3991240B2C5900F4F7AC /* CustomTableViewCell.swift */ = {isa = PBXFileReference; lastKnownFileType = sourcecode.swift; path = CustomTableViewCell.swift; sourceTree = "<group>"; };
/* End PBXFileReference section */

/* Begin PBXFrameworksBuildPhase section */
		350A39492408B32600F4F7AC /* Frameworks */ = {
			isa = PBXFrameworksBuildPhase;
			buildActionMask = 2147483647;
			files = (
			);
			runOnlyForDeploymentPostprocessing = 0;
		};
		350A39612408B32B00F4F7AC /* Frameworks */ = {
			isa = PBXFrameworksBuildPhase;
			buildActionMask = 2147483647;
			files = (
			);
			runOnlyForDeploymentPostprocessing = 0;
		};
		350A396C2408B32B00F4F7AC /* Frameworks */ = {
			isa = PBXFrameworksBuildPhase;
			buildActionMask = 2147483647;
			files = (
			);
			runOnlyForDeploymentPostprocessing = 0;
		};
/* End PBXFrameworksBuildPhase section */

/* Begin PBXGroup section */
		350A39432408B32600F4F7AC = {
			isa = PBXGroup;
			children = (
				350A394E2408B32600F4F7AC /* pate0910_a4 */,
				350A39672408B32B00F4F7AC /* pate0910_a4Tests */,
				350A39722408B32B00F4F7AC /* pate0910_a4UITests */,
				350A394D2408B32600F4F7AC /* Products */,
			);
			sourceTree = "<group>";
		};
		350A394D2408B32600F4F7AC /* Products */ = {
			isa = PBXGroup;
			children = (
				350A394C2408B32600F4F7AC /* pate0910_a4.app */,
				350A39642408B32B00F4F7AC /* pate0910_a4Tests.xctest */,
				350A396F2408B32B00F4F7AC /* pate0910_a4UITests.xctest */,
			);
			name = Products;
			sourceTree = "<group>";
		};
		350A394E2408B32600F4F7AC /* pate0910_a4 */ = {
			isa = PBXGroup;
			children = (
				350A394F2408B32600F4F7AC /* AppDelegate.swift */,
				350A39512408B32600F4F7AC /* SceneDelegate.swift */,
				350A39532408B32600F4F7AC /* TableViewController.swift */,
				350A39552408B32600F4F7AC /* AddViewController.swift */,
				350A398B2408C22000F4F7AC /* DetailViewController.swift */,
				350A39572408B32600F4F7AC /* Main.storyboard */,
				350A395A2408B32B00F4F7AC /* Assets.xcassets */,
				350A395C2408B32B00F4F7AC /* LaunchScreen.storyboard */,
				350A395F2408B32B00F4F7AC /* Info.plist */,
				350A39832408B3A300F4F7AC /* FruitCollection.swift */,
				350A39872408B3BA00F4F7AC /* SharingFruitCollection.swift */,
				350A39852408B3AE00F4F7AC /* Fruit.swift */,
				350A3991240B2C5900F4F7AC /* CustomTableViewCell.swift */,
			);
			path = pate0910_a4;
			sourceTree = "<group>";
		};
		350A39672408B32B00F4F7AC /* pate0910_a4Tests */ = {
			isa = PBXGroup;
			children = (
				350A39682408B32B00F4F7AC /* pate0910_a4Tests.swift */,
				350A396A2408B32B00F4F7AC /* Info.plist */,
			);
			path = pate0910_a4Tests;
			sourceTree = "<group>";
		};
		350A39722408B32B00F4F7AC /* pate0910_a4UITests */ = {
			isa = PBXGroup;
			children = (
				350A39732408B32B00F4F7AC /* pate0910_a4UITests.swift */,
				350A39752408B32B00F4F7AC /* Info.plist */,
			);
			path = pate0910_a4UITests;
			sourceTree = "<group>";
		};
/* End PBXGroup section */

/* Begin PBXNativeTarget section */
		350A394B2408B32600F4F7AC /* pate0910_a4 */ = {
			isa = PBXNativeTarget;
			buildConfigurationList = 350A39782408B32B00F4F7AC /* Build configuration list for PBXNativeTarget "pate0910_a4" */;
			buildPhases = (
				350A39482408B32600F4F7AC /* Sources */,
				350A39492408B32600F4F7AC /* Frameworks */,
				350A394A2408B32600F4F7AC /* Resources */,
			);
			buildRules = (
			);
			dependencies = (
			);
			name = pate0910_a4;
			productName = pate0910_a4;
			productReference = 350A394C2408B32600F4F7AC /* pate0910_a4.app */;
			productType = "com.apple.product-type.application";
		};
		350A39632408B32B00F4F7AC /* pate0910_a4Tests */ = {
			isa = PBXNativeTarget;
			buildConfigurationList = 350A397B2408B32B00F4F7AC /* Build configuration list for PBXNativeTarget "pate0910_a4Tests" */;
			buildPhases = (
				350A39602408B32B00F4F7AC /* Sources */,
				350A39612408B32B00F4F7AC /* Frameworks */,
				350A39622408B32B00F4F7AC /* Resources */,
			);
			buildRules = (
			);
			dependencies = (
				350A39662408B32B00F4F7AC /* PBXTargetDependency */,
			);
			name = pate0910_a4Tests;
			productName = pate0910_a4Tests;
			productReference = 350A39642408B32B00F4F7AC /* pate0910_a4Tests.xctest */;
			productType = "com.apple.product-type.bundle.unit-test";
		};
		350A396E2408B32B00F4F7AC /* pate0910_a4UITests */ = {
			isa = PBXNativeTarget;
			buildConfigurationList = 350A397E2408B32B00F4F7AC /* Build configuration list for PBXNativeTarget "pate0910_a4UITests" */;
			buildPhases = (
				350A396B2408B32B00F4F7AC /* Sources */,
				350A396C2408B32B00F4F7AC /* Frameworks */,
				350A396D2408B32B00F4F7AC /* Resources */,
			);
			buildRules = (
			);
			dependencies = (
				350A39712408B32B00F4F7AC /* PBXTargetDependency */,
			);
			name = pate0910_a4UITests;
			productName = pate0910_a4UITests;
			productReference = 350A396F2408B32B00F4F7AC /* pate0910_a4UITests.xctest */;
			productType = "com.apple.product-type.bundle.ui-testing";
		};
/* End PBXNativeTarget section */

/* Begin PBXProject section */
		350A39442408B32600F4F7AC /* Project object */ = {
			isa = PBXProject;
			attributes = {
				LastSwiftUpdateCheck = 1130;
				LastUpgradeCheck = 1130;
				ORGANIZATIONNAME = "Pranav Patel";
				TargetAttributes = {
					350A394B2408B32600F4F7AC = {
						CreatedOnToolsVersion = 11.3.1;
					};
					350A39632408B32B00F4F7AC = {
						CreatedOnToolsVersion = 11.3.1;
						TestTargetID = 350A394B2408B32600F4F7AC;
					};
					350A396E2408B32B00F4F7AC = {
						CreatedOnToolsVersion = 11.3.1;
						TestTargetID = 350A394B2408B32600F4F7AC;
					};
				};
			};
			buildConfigurationList = 350A39472408B32600F4F7AC /* Build configuration list for PBXProject "pate0910_a4" */;
			compatibilityVersion = "Xcode 9.3";
			developmentRegion = en;
			hasScannedForEncodings = 0;
			knownRegions = (
				en,
				Base,
			);
			mainGroup = 350A39432408B32600F4F7AC;
			productRefGroup = 350A394D2408B32600F4F7AC /* Products */;
			projectDirPath = "";
			projectRoot = "";
			targets = (
				350A394B2408B32600F4F7AC /* pate0910_a4 */,
				350A39632408B32B00F4F7AC /* pate0910_a4Tests */,
				350A396E2408B32B00F4F7AC /* pate0910_a4UITests */,
			);
		};
/* End PBXProject section */

/* Begin PBXResourcesBuildPhase section */
		350A394A2408B32600F4F7AC /* Resources */ = {
			isa = PBXResourcesBuildPhase;
			buildActionMask = 2147483647;
			files = (
				350A395E2408B32B00F4F7AC /* LaunchScreen.storyboard in Resources */,
				350A395B2408B32B00F4F7AC /* Assets.xcassets in Resources */,
				350A39592408B32600F4F7AC /* Main.storyboard in Resources */,
			);
			runOnlyForDeploymentPostprocessing = 0;
		};
		350A39622408B32B00F4F7AC /* Resources */ = {
			isa = PBXResourcesBuildPhase;
			buildActionMask = 2147483647;
			files = (
			);
			runOnlyForDeploymentPostprocessing = 0;
		};
		350A396D2408B32B00F4F7AC /* Resources */ = {
			isa = PBXResourcesBuildPhase;
			buildActionMask = 2147483647;
			files = (
			);
			runOnlyForDeploymentPostprocessing = 0;
		};
/* End PBXResourcesBuildPhase section */

/* Begin PBXSourcesBuildPhase section */
		350A39482408B32600F4F7AC /* Sources */ = {
			isa = PBXSourcesBuildPhase;
			buildActionMask = 2147483647;
			files = (
				350A3992240B2C5900F4F7AC /* CustomTableViewCell.swift in Sources */,
				350A39882408B3BA00F4F7AC /* SharingFruitCollection.swift in Sources */,
				350A39862408B3AE00F4F7AC /* Fruit.swift in Sources */,
				350A39842408B3A300F4F7AC /* FruitCollection.swift in Sources */,
				350A39562408B32600F4F7AC /* AddViewController.swift in Sources */,
				350A39542408B32600F4F7AC /* TableViewController.swift in Sources */,
				350A39502408B32600F4F7AC /* AppDelegate.swift in Sources */,
				350A398C2408C22000F4F7AC /* DetailViewController.swift in Sources */,
				350A39522408B32600F4F7AC /* SceneDelegate.swift in Sources */,
			);
			runOnlyForDeploymentPostprocessing = 0;
		};
		350A39602408B32B00F4F7AC /* Sources */ = {
			isa = PBXSourcesBuildPhase;
			buildActionMask = 2147483647;
			files = (
				350A39692408B32B00F4F7AC /* pate0910_a4Tests.swift in Sources */,
			);
			runOnlyForDeploymentPostprocessing = 0;
		};
		350A396B2408B32B00F4F7AC /* Sources */ = {
			isa = PBXSourcesBuildPhase;
			buildActionMask = 2147483647;
			files = (
				350A39742408B32B00F4F7AC /* pate0910_a4UITests.swift in Sources */,
			);
			runOnlyForDeploymentPostprocessing = 0;
		};
/* End PBXSourcesBuildPhase section */

/* Begin PBXTargetDependency section */
		350A39662408B32B00F4F7AC /* PBXTargetDependency */ = {
			isa = PBXTargetDependency;
			target = 350A394B2408B32600F4F7AC /* pate0910_a4 */;
			targetProxy = 350A39652408B32B00F4F7AC /* PBXContainerItemProxy */;
		};
		350A39712408B32B00F4F7AC /* PBXTargetDependency */ = {
			isa = PBXTargetDependency;
			target = 350A394B2408B32600F4F7AC /* pate0910_a4 */;
			targetProxy = 350A39702408B32B00F4F7AC /* PBXContainerItemProxy */;
		};
/* End PBXTargetDependency section */

/* Begin PBXVariantGroup section */
		350A39572408B32600F4F7AC /* Main.storyboard */ = {
			isa = PBXVariantGroup;
			children = (
				350A39582408B32600F4F7AC /* Base */,
			);
			name = Main.storyboard;
			sourceTree = "<group>";
		};
		350A395C2408B32B00F4F7AC /* LaunchScreen.storyboard */ = {
			isa = PBXVariantGroup;
			children = (
				350A395D2408B32B00F4F7AC /* Base */,
			);
			name = LaunchScreen.storyboard;
			sourceTree = "<group>";
		};
/* End PBXVariantGroup section */

/* Begin XCBuildConfiguration section */
		350A39762408B32B00F4F7AC /* Debug */ = {
			isa = XCBuildConfiguration;
			buildSettings = {
				ALWAYS_SEARCH_USER_PATHS = NO;
				CLANG_ANALYZER_NONNULL = YES;
				CLANG_ANALYZER_NUMBER_OBJECT_CONVERSION = YES_AGGRESSIVE;
				CLANG_CXX_LANGUAGE_STANDARD = "gnu++14";
				CLANG_CXX_LIBRARY = "libc++";
				CLANG_ENABLE_MODULES = YES;
				CLANG_ENABLE_OBJC_ARC = YES;
				CLANG_ENABLE_OBJC_WEAK = YES;
				CLANG_WARN_BLOCK_CAPTURE_AUTORELEASING = YES;
				CLANG_WARN_BOOL_CONVERSION = YES;
				CLANG_WARN_COMMA = YES;
				CLANG_WARN_CONSTANT_CONVERSION = YES;
				CLANG_WARN_DEPRECATED_OBJC_IMPLEMENTATIONS = YES;
				CLANG_WARN_DIRECT_OBJC_ISA_USAGE = YES_ERROR;
				CLANG_WARN_DOCUMENTATION_COMMENTS = YES;
				CLANG_WARN_EMPTY_BODY = YES;
				CLANG_WARN_ENUM_CONVERSION = YES;
				CLANG_WARN_INFINITE_RECURSION = YES;
				CLANG_WARN_INT_CONVERSION = YES;
				CLANG_WARN_NON_LITERAL_NULL_CONVERSION = YES;
				CLANG_WARN_OBJC_IMPLICIT_RETAIN_SELF = YES;
				CLANG_WARN_OBJC_LITERAL_CONVERSION = YES;
				CLANG_WARN_OBJC_ROOT_CLASS = YES_ERROR;
				CLANG_WARN_RANGE_LOOP_ANALYSIS = YES;
				CLANG_WARN_STRICT_PROTOTYPES = YES;
				CLANG_WARN_SUSPICIOUS_MOVE = YES;
				CLANG_WARN_UNGUARDED_AVAILABILITY = YES_AGGRESSIVE;
				CLANG_WARN_UNREACHABLE_CODE = YES;
				CLANG_WARN__DUPLICATE_METHOD_MATCH = YES;
				COPY_PHASE_STRIP = NO;
				DEBUG_INFORMATION_FORMAT = dwarf;
				ENABLE_STRICT_OBJC_MSGSEND = YES;
				ENABLE_TESTABILITY = YES;
				GCC_C_LANGUAGE_STANDARD = gnu11;
				GCC_DYNAMIC_NO_PIC = NO;
				GCC_NO_COMMON_BLOCKS = YES;
				GCC_OPTIMIZATION_LEVEL = 0;
				GCC_PREPROCESSOR_DEFINITIONS = (
					"DEBUG=1",
					"$(inherited)",
				);
				GCC_WARN_64_TO_32_BIT_CONVERSION = YES;
				GCC_WARN_ABOUT_RETURN_TYPE = YES_ERROR;
				GCC_WARN_UNDECLARED_SELECTOR = YES;
				GCC_WARN_UNINITIALIZED_AUTOS = YES_AGGRESSIVE;
				GCC_WARN_UNUSED_FUNCTION = YES;
				GCC_WARN_UNUSED_VARIABLE = YES;
				IPHONEOS_DEPLOYMENT_TARGET = 13.2;
				MTL_ENABLE_DEBUG_INFO = INCLUDE_SOURCE;
				MTL_FAST_MATH = YES;
				ONLY_ACTIVE_ARCH = YES;
				SDKROOT = iphoneos;
				SWIFT_ACTIVE_COMPILATION_CONDITIONS = DEBUG;
				SWIFT_OPTIMIZATION_LEVEL = "-Onone";
			};
			name = Debug;
		};
		350A39772408B32B00F4F7AC /* Release */ = {
			isa = XCBuildConfiguration;
			buildSettings = {
				ALWAYS_SEARCH_USER_PATHS = NO;
				CLANG_ANALYZER_NONNULL = YES;
				CLANG_ANALYZER_NUMBER_OBJECT_CONVERSION = YES_AGGRESSIVE;
				CLANG_CXX_LANGUAGE_STANDARD = "gnu++14";
				CLANG_CXX_LIBRARY = "libc++";
				CLANG_ENABLE_MODULES = YES;
				CLANG_ENABLE_OBJC_ARC = YES;
				CLANG_ENABLE_OBJC_WEAK = YES;
				CLANG_WARN_BLOCK_CAPTURE_AUTORELEASING = YES;
				CLANG_WARN_BOOL_CONVERSION = YES;
				CLANG_WARN_COMMA = YES;
				CLANG_WARN_CONSTANT_CONVERSION = YES;
				CLANG_WARN_DEPRECATED_OBJC_IMPLEMENTATIONS = YES;
				CLANG_WARN_DIRECT_OBJC_ISA_USAGE = YES_ERROR;
				CLANG_WARN_DOCUMENTATION_COMMENTS = YES;
				CLANG_WARN_EMPTY_BODY = YES;
				CLANG_WARN_ENUM_CONVERSION = YES;
				CLANG_WARN_INFINITE_RECURSION = YES;
				CLANG_WARN_INT_CONVERSION = YES;
				CLANG_WARN_NON_LITERAL_NULL_CONVERSION = YES;
				CLANG_WARN_OBJC_IMPLICIT_RETAIN_SELF = YES;
				CLANG_WARN_OBJC_LITERAL_CONVERSION = YES;
				CLANG_WARN_OBJC_ROOT_CLASS = YES_ERROR;
				CLANG_WARN_RANGE_LOOP_ANALYSIS = YES;
				CLANG_WARN_STRICT_PROTOTYPES = YES;
				CLANG_WARN_SUSPICIOUS_MOVE = YES;
				CLANG_WARN_UNGUARDED_AVAILABILITY = YES_AGGRESSIVE;
				CLANG_WARN_UNREACHABLE_CODE = YES;
				CLANG_WARN__DUPLICATE_METHOD_MATCH = YES;
				COPY_PHASE_STRIP = NO;
				DEBUG_INFORMATION_FORMAT = "dwarf-with-dsym";
				ENABLE_NS_ASSERTIONS = NO;
				ENABLE_STRICT_OBJC_MSGSEND = YES;
				GCC_C_LANGUAGE_STANDARD = gnu11;
				GCC_NO_COMMON_BLOCKS = YES;
				GCC_WARN_64_TO_32_BIT_CONVERSION = YES;
				GCC_WARN_ABOUT_RETURN_TYPE = YES_ERROR;
				GCC_WARN_UNDECLARED_SELECTOR = YES;
				GCC_WARN_UNINITIALIZED_AUTOS = YES_AGGRESSIVE;
				GCC_WARN_UNUSED_FUNCTION = YES;
				GCC_WARN_UNUSED_VARIABLE = YES;
				IPHONEOS_DEPLOYMENT_TARGET = 13.2;
				MTL_ENABLE_DEBUG_INFO = NO;
				MTL_FAST_MATH = YES;
				SDKROOT = iphoneos;
				SWIFT_COMPILATION_MODE = wholemodule;
				SWIFT_OPTIMIZATION_LEVEL = "-O";
				VALIDATE_PRODUCT = YES;
			};
			name = Release;
		};
		350A39792408B32B00F4F7AC /* Debug */ = {
			isa = XCBuildConfiguration;
			buildSettings = {
				ASSETCATALOG_COMPILER_APPICON_NAME = AppIcon;
				CODE_SIGN_STYLE = Automatic;
				INFOPLIST_FILE = pate0910_a4/Info.plist;
				LD_RUNPATH_SEARCH_PATHS = (
					"$(inherited)",
					"@executable_path/Frameworks",
				);
				PRODUCT_BUNDLE_IDENTIFIER = "wlu.ca.pate0910-a4";
				PRODUCT_NAME = "$(TARGET_NAME)";
				SWIFT_VERSION = 5.0;
				TARGETED_DEVICE_FAMILY = "1,2";
			};
			name = Debug;
		};
		350A397A2408B32B00F4F7AC /* Release */ = {
			isa = XCBuildConfiguration;
			buildSettings = {
				ASSETCATALOG_COMPILER_APPICON_NAME = AppIcon;
				CODE_SIGN_STYLE = Automatic;
				INFOPLIST_FILE = pate0910_a4/Info.plist;
				LD_RUNPATH_SEARCH_PATHS = (
					"$(inherited)",
					"@executable_path/Frameworks",
				);
				PRODUCT_BUNDLE_IDENTIFIER = "wlu.ca.pate0910-a4";
				PRODUCT_NAME = "$(TARGET_NAME)";
				SWIFT_VERSION = 5.0;
				TARGETED_DEVICE_FAMILY = "1,2";
			};
			name = Release;
		};
		350A397C2408B32B00F4F7AC /* Debug */ = {
			isa = XCBuildConfiguration;
			buildSettings = {
				ALWAYS_EMBED_SWIFT_STANDARD_LIBRARIES = YES;
				BUNDLE_LOADER = "$(TEST_HOST)";
				CODE_SIGN_STYLE = Automatic;
				INFOPLIST_FILE = pate0910_a4Tests/Info.plist;
				IPHONEOS_DEPLOYMENT_TARGET = 13.2;
				LD_RUNPATH_SEARCH_PATHS = (
					"$(inherited)",
					"@executable_path/Frameworks",
					"@loader_path/Frameworks",
				);
				PRODUCT_BUNDLE_IDENTIFIER = "wlu.ca.pate0910-a4Tests";
				PRODUCT_NAME = "$(TARGET_NAME)";
				SWIFT_VERSION = 5.0;
				TARGETED_DEVICE_FAMILY = "1,2";
				TEST_HOST = "$(BUILT_PRODUCTS_DIR)/pate0910_a4.app/pate0910_a4";
			};
			name = Debug;
		};
		350A397D2408B32B00F4F7AC /* Release */ = {
			isa = XCBuildConfiguration;
			buildSettings = {
				ALWAYS_EMBED_SWIFT_STANDARD_LIBRARIES = YES;
				BUNDLE_LOADER = "$(TEST_HOST)";
				CODE_SIGN_STYLE = Automatic;
				INFOPLIST_FILE = pate0910_a4Tests/Info.plist;
				IPHONEOS_DEPLOYMENT_TARGET = 13.2;
				LD_RUNPATH_SEARCH_PATHS = (
					"$(inherited)",
					"@executable_path/Frameworks",
					"@loader_path/Frameworks",
				);
				PRODUCT_BUNDLE_IDENTIFIER = "wlu.ca.pate0910-a4Tests";
				PRODUCT_NAME = "$(TARGET_NAME)";
				SWIFT_VERSION = 5.0;
				TARGETED_DEVICE_FAMILY = "1,2";
				TEST_HOST = "$(BUILT_PRODUCTS_DIR)/pate0910_a4.app/pate0910_a4";
			};
			name = Release;
		};
		350A397F2408B32B00F4F7AC /* Debug */ = {
			isa = XCBuildConfiguration;
			buildSettings = {
				ALWAYS_EMBED_SWIFT_STANDARD_LIBRARIES = YES;
				CODE_SIGN_STYLE = Automatic;
				INFOPLIST_FILE = pate0910_a4UITests/Info.plist;
				LD_RUNPATH_SEARCH_PATHS = (
					"$(inherited)",
					"@executable_path/Frameworks",
					"@loader_path/Frameworks",
				);
				PRODUCT_BUNDLE_IDENTIFIER = "wlu.ca.pate0910-a4UITests";
				PRODUCT_NAME = "$(TARGET_NAME)";
				SWIFT_VERSION = 5.0;
				TARGETED_DEVICE_FAMILY = "1,2";
				TEST_TARGET_NAME = pate0910_a4;
			};
			name = Debug;
		};
		350A39802408B32B00F4F7AC /* Release */ = {
			isa = XCBuildConfiguration;
			buildSettings = {
				ALWAYS_EMBED_SWIFT_STANDARD_LIBRARIES = YES;
				CODE_SIGN_STYLE = Automatic;
				INFOPLIST_FILE = pate0910_a4UITests/Info.plist;
				LD_RUNPATH_SEARCH_PATHS = (
					"$(inherited)",
					"@executable_path/Frameworks",
					"@loader_path/Frameworks",
				);
				PRODUCT_BUNDLE_IDENTIFIER = "wlu.ca.pate0910-a4UITests";
				PRODUCT_NAME = "$(TARGET_NAME)";
				SWIFT_VERSION = 5.0;
				TARGETED_DEVICE_FAMILY = "1,2";
				TEST_TARGET_NAME = pate0910_a4;
			};
			name = Release;
		};
/* End XCBuildConfiguration section */

/* Begin XCConfigurationList section */
		350A39472408B32600F4F7AC /* Build configuration list for PBXProject "pate0910_a4" */ = {
			isa = XCConfigurationList;
			buildConfigurations = (
				350A39762408B32B00F4F7AC /* Debug */,
				350A39772408B32B00F4F7AC /* Release */,
			);
			defaultConfigurationIsVisible = 0;
			defaultConfigurationName = Release;
		};
		350A39782408B32B00F4F7AC /* Build configuration list for PBXNativeTarget "pate0910_a4" */ = {
			isa = XCConfigurationList;
			buildConfigurations = (
				350A39792408B32B00F4F7AC /* Debug */,
				350A397A2408B32B00F4F7AC /* Release */,
			);
			defaultConfigurationIsVisible = 0;
			defaultConfigurationName = Release;
		};
		350A397B2408B32B00F4F7AC /* Build configuration list for PBXNativeTarget "pate0910_a4Tests" */ = {
			isa = XCConfigurationList;
			buildConfigurations = (
				350A397C2408B32B00F4F7AC /* Debug */,
				350A397D2408B32B00F4F7AC /* Release */,
			);
			defaultConfigurationIsVisible = 0;
			defaultConfigurationName = Release;
		};
		350A397E2408B32B00F4F7AC /* Build configuration list for PBXNativeTarget "pate0910_a4UITests" */ = {
			isa = XCConfigurationList;
			buildConfigurations = (
				350A397F2408B32B00F4F7AC /* Debug */,
				350A39802408B32B00F4F7AC /* Release */,
			);
			defaultConfigurationIsVisible = 0;
			defaultConfigurationName = Release;
		};
/* End XCConfigurationList section */
	};
	rootObject = 350A39442408B32600F4F7AC /* Project object */;
}
